
Microsoft Visual Studio Solution File, Format Version 12.00
# Visual Studio Version 17
VisualStudioVersion = 17.6.33723.286
MinimumVisualStudioVersion = 10.0.40219.1
Project("{FAE04EC0-301F-11D3-BF4B-00C04F79EFBC}") = "EnumerationExample", "EnumerationExample.csproj", "{239D3D84-69C4-4BAB-8F2A-1059B1EF09F7}"
EndProject
Global
	GlobalSection(SolutionConfigurationPlatforms) = preSolution
		Debug|Any CPU = Debug|Any CPU
		Release|Any CPU = Release|Any CPU
	EndGlobalSection
	GlobalSection(ProjectConfigurationPlatforms) = postSolution
		{239D3D84-69C4-4BAB-8F2A-1059B1EF09F7}.Debug|Any CPU.ActiveCfg = Debug|Any CPU
		{239D3D84-69C4-4BAB-8F2A-1059B1EF09F7}.Debug|Any CPU.Build.0 = Debug|Any CPU
		{239D3D84-69C4-4BAB-8F2A-1059B1EF09F7}.Release|Any CPU.ActiveCfg = Release|Any CPU
		{239D3D84-69C4-4BAB-8F2A-1059B1EF09F7}.Release|Any CPU.Build.0 = Release|Any CPU
	EndGlobalSection
	GlobalSection(SolutionProperties) = preSolution
		HideSolutionNode = FALSE
	EndGlobalSection
	GlobalSection(ExtensibilityGlobals) = postSolution
		SolutionGuid = {66A11429-4BAB-4DF8-8EFB-5CE5F0570117}
	EndGlobalSection
EndGlobal
