
Microsoft Visual Studio Solution File, Format Version 12.00
# Visual Studio Version 17
VisualStudioVersion = 17.6.33723.286
MinimumVisualStudioVersion = 10.0.40219.1
Project("{FAE04EC0-301F-11D3-BF4B-00C04F79EFBC}") = "salesPaymentCalculatorProgramV6", "salesPaymentCalculatorProgramV6.csproj", "{7AD1D6F2-0875-4727-9DC8-0E79548C9AB8}"
EndProject
Project("{9A19103F-16F7-4668-BE54-9A1E7A4F7556}") = "jebsCoffeeHouseCoffeeRecipeApp", "..\jebsCoffeeHouseCoffeeRecipeApp\jebsCoffeeHouseCoffeeRecipeApp.csproj", "{1627E471-1148-4A2F-8F4D-B2EAC3E42DAD}"
EndProject
Global
	GlobalSection(SolutionConfigurationPlatforms) = preSolution
		Debug|Any CPU = Debug|Any CPU
		Release|Any CPU = Release|Any CPU
	EndGlobalSection
	GlobalSection(ProjectConfigurationPlatforms) = postSolution
		{7AD1D6F2-0875-4727-9DC8-0E79548C9AB8}.Debug|Any CPU.ActiveCfg = Debug|Any CPU
		{7AD1D6F2-0875-4727-9DC8-0E79548C9AB8}.Debug|Any CPU.Build.0 = Debug|Any CPU
		{7AD1D6F2-0875-4727-9DC8-0E79548C9AB8}.Release|Any CPU.ActiveCfg = Release|Any CPU
		{7AD1D6F2-0875-4727-9DC8-0E79548C9AB8}.Release|Any CPU.Build.0 = Release|Any CPU
		{1627E471-1148-4A2F-8F4D-B2EAC3E42DAD}.Debug|Any CPU.ActiveCfg = Debug|Any CPU
		{1627E471-1148-4A2F-8F4D-B2EAC3E42DAD}.Debug|Any CPU.Build.0 = Debug|Any CPU
		{1627E471-1148-4A2F-8F4D-B2EAC3E42DAD}.Release|Any CPU.ActiveCfg = Release|Any CPU
		{1627E471-1148-4A2F-8F4D-B2EAC3E42DAD}.Release|Any CPU.Build.0 = Release|Any CPU
	EndGlobalSection
	GlobalSection(SolutionProperties) = preSolution
		HideSolutionNode = FALSE
	EndGlobalSection
	GlobalSection(ExtensibilityGlobals) = postSolution
		SolutionGuid = {945BC467-0B39-4AB3-BC81-52A5832E725C}
	EndGlobalSection
EndGlobal
