
Microsoft Visual Studio Solution File, Format Version 12.00
# Visual Studio Version 17
VisualStudioVersion = 17.6.33723.286
MinimumVisualStudioVersion = 10.0.40219.1
Project("{FAE04EC0-301F-11D3-BF4B-00C04F79EFBC}") = "CarRentalApplication", "CarRentalApplication.csproj", "{183F4A9A-7A5E-44B7-A58D-794471642162}"
EndProject
Global
	GlobalSection(SolutionConfigurationPlatforms) = preSolution
		Debug|Any CPU = Debug|Any CPU
		Release|Any CPU = Release|Any CPU
	EndGlobalSection
	GlobalSection(ProjectConfigurationPlatforms) = postSolution
		{183F4A9A-7A5E-44B7-A58D-794471642162}.Debug|Any CPU.ActiveCfg = Debug|Any CPU
		{183F4A9A-7A5E-44B7-A58D-794471642162}.Debug|Any CPU.Build.0 = Debug|Any CPU
		{183F4A9A-7A5E-44B7-A58D-794471642162}.Release|Any CPU.ActiveCfg = Release|Any CPU
		{183F4A9A-7A5E-44B7-A58D-794471642162}.Release|Any CPU.Build.0 = Release|Any CPU
	EndGlobalSection
	GlobalSection(SolutionProperties) = preSolution
		HideSolutionNode = FALSE
	EndGlobalSection
	GlobalSection(ExtensibilityGlobals) = postSolution
		SolutionGuid = {DF301955-3986-499C-9ED1-1EC5397EEDB1}
	EndGlobalSection
EndGlobal
