
Microsoft Visual Studio Solution File, Format Version 12.00
# Visual Studio Version 17
VisualStudioVersion = 17.6.33723.286
MinimumVisualStudioVersion = 10.0.40219.1
Project("{FAE04EC0-301F-11D3-BF4B-00C04F79EFBC}") = "InterfaceBookDemo", "InterfaceBookDemo.csproj", "{5EEE2C70-99B2-4A81-A504-AA90DCAE1715}"
EndProject
Global
	GlobalSection(SolutionConfigurationPlatforms) = preSolution
		Debug|Any CPU = Debug|Any CPU
		Release|Any CPU = Release|Any CPU
	EndGlobalSection
	GlobalSection(ProjectConfigurationPlatforms) = postSolution
		{5EEE2C70-99B2-4A81-A504-AA90DCAE1715}.Debug|Any CPU.ActiveCfg = Debug|Any CPU
		{5EEE2C70-99B2-4A81-A504-AA90DCAE1715}.Debug|Any CPU.Build.0 = Debug|Any CPU
		{5EEE2C70-99B2-4A81-A504-AA90DCAE1715}.Release|Any CPU.ActiveCfg = Release|Any CPU
		{5EEE2C70-99B2-4A81-A504-AA90DCAE1715}.Release|Any CPU.Build.0 = Release|Any CPU
	EndGlobalSection
	GlobalSection(SolutionProperties) = preSolution
		HideSolutionNode = FALSE
	EndGlobalSection
	GlobalSection(ExtensibilityGlobals) = postSolution
		SolutionGuid = {A9E98E98-D47B-4A21-89C3-0AC39581AE72}
	EndGlobalSection
EndGlobal
