
Microsoft Visual Studio Solution File, Format Version 12.00
# Visual Studio Version 17
VisualStudioVersion = 17.6.33723.286
MinimumVisualStudioVersion = 10.0.40219.1
Project("{FAE04EC0-301F-11D3-BF4B-00C04F79EFBC}") = "StudentArray", "StudentArray.csproj", "{0DD65BCB-7906-4E37-9429-D5015DA0DEC2}"
EndProject
Global
	GlobalSection(SolutionConfigurationPlatforms) = preSolution
		Debug|Any CPU = Debug|Any CPU
		Release|Any CPU = Release|Any CPU
	EndGlobalSection
	GlobalSection(ProjectConfigurationPlatforms) = postSolution
		{0DD65BCB-7906-4E37-9429-D5015DA0DEC2}.Debug|Any CPU.ActiveCfg = Debug|Any CPU
		{0DD65BCB-7906-4E37-9429-D5015DA0DEC2}.Debug|Any CPU.Build.0 = Debug|Any CPU
		{0DD65BCB-7906-4E37-9429-D5015DA0DEC2}.Release|Any CPU.ActiveCfg = Release|Any CPU
		{0DD65BCB-7906-4E37-9429-D5015DA0DEC2}.Release|Any CPU.Build.0 = Release|Any CPU
	EndGlobalSection
	GlobalSection(SolutionProperties) = preSolution
		HideSolutionNode = FALSE
	EndGlobalSection
	GlobalSection(ExtensibilityGlobals) = postSolution
		SolutionGuid = {AE154C3F-849B-487B-A242-CBC5878E8367}
	EndGlobalSection
EndGlobal
