
Microsoft Visual Studio Solution File, Format Version 12.00
# Visual Studio Version 17
VisualStudioVersion = 17.7.34009.444
MinimumVisualStudioVersion = 10.0.40219.1
Project("{FAE04EC0-301F-11D3-BF4B-00C04F79EFBC}") = "XUnitDemoGeometryCalculator", "XUnitDemoGeometryCalculator.csproj", "{9EBEEA4E-7257-4228-8753-046A44D449C5}"
EndProject
Project("{FAE04EC0-301F-11D3-BF4B-00C04F79EFBC}") = "GeometryCalculatorXUnitTests", "GeometryCalculatorXUnitTests\GeometryCalculatorXUnitTests.csproj", "{DE8A6CB7-E326-400A-9F26-E9D3D69ADC91}"
EndProject
Global
	GlobalSection(SolutionConfigurationPlatforms) = preSolution
		Debug|Any CPU = Debug|Any CPU
		Release|Any CPU = Release|Any CPU
	EndGlobalSection
	GlobalSection(ProjectConfigurationPlatforms) = postSolution
		{9EBEEA4E-7257-4228-8753-046A44D449C5}.Debug|Any CPU.ActiveCfg = Debug|Any CPU
		{9EBEEA4E-7257-4228-8753-046A44D449C5}.Debug|Any CPU.Build.0 = Debug|Any CPU
		{9EBEEA4E-7257-4228-8753-046A44D449C5}.Release|Any CPU.ActiveCfg = Release|Any CPU
		{9EBEEA4E-7257-4228-8753-046A44D449C5}.Release|Any CPU.Build.0 = Release|Any CPU
		{DE8A6CB7-E326-400A-9F26-E9D3D69ADC91}.Debug|Any CPU.ActiveCfg = Debug|Any CPU
		{DE8A6CB7-E326-400A-9F26-E9D3D69ADC91}.Debug|Any CPU.Build.0 = Debug|Any CPU
		{DE8A6CB7-E326-400A-9F26-E9D3D69ADC91}.Release|Any CPU.ActiveCfg = Release|Any CPU
		{DE8A6CB7-E326-400A-9F26-E9D3D69ADC91}.Release|Any CPU.Build.0 = Release|Any CPU
	EndGlobalSection
	GlobalSection(SolutionProperties) = preSolution
		HideSolutionNode = FALSE
	EndGlobalSection
	GlobalSection(ExtensibilityGlobals) = postSolution
		SolutionGuid = {4D8EA0D6-0ABE-459F-9945-60D44BFCC75F}
	EndGlobalSection
EndGlobal
