
Microsoft Visual Studio Solution File, Format Version 12.00
# Visual Studio Version 17
VisualStudioVersion = 17.6.33723.286
MinimumVisualStudioVersion = 10.0.40219.1
Project("{FAE04EC0-301F-11D3-BF4B-00C04F79EFBC}") = "stringCharacterSearch", "stringCharacterSearch.csproj", "{E2DE0907-4C53-4C6D-A416-F12A9C7720CD}"
EndProject
Global
	GlobalSection(SolutionConfigurationPlatforms) = preSolution
		Debug|Any CPU = Debug|Any CPU
		Release|Any CPU = Release|Any CPU
	EndGlobalSection
	GlobalSection(ProjectConfigurationPlatforms) = postSolution
		{E2DE0907-4C53-4C6D-A416-F12A9C7720CD}.Debug|Any CPU.ActiveCfg = Debug|Any CPU
		{E2DE0907-4C53-4C6D-A416-F12A9C7720CD}.Debug|Any CPU.Build.0 = Debug|Any CPU
		{E2DE0907-4C53-4C6D-A416-F12A9C7720CD}.Release|Any CPU.ActiveCfg = Release|Any CPU
		{E2DE0907-4C53-4C6D-A416-F12A9C7720CD}.Release|Any CPU.Build.0 = Release|Any CPU
	EndGlobalSection
	GlobalSection(SolutionProperties) = preSolution
		HideSolutionNode = FALSE
	EndGlobalSection
	GlobalSection(ExtensibilityGlobals) = postSolution
		SolutionGuid = {88F8F8BA-8A37-4C01-99C5-14F325511F82}
	EndGlobalSection
EndGlobal
