
Microsoft Visual Studio Solution File, Format Version 12.00
# Visual Studio Version 17
VisualStudioVersion = 17.6.33723.286
MinimumVisualStudioVersion = 10.0.40219.1
Project("{FAE04EC0-301F-11D3-BF4B-00C04F79EFBC}") = "instanceVariableScopeExample", "instanceVariableScopeExample.csproj", "{C3CE6BD2-92A8-4CB5-8F00-3583FB7084F7}"
EndProject
Global
	GlobalSection(SolutionConfigurationPlatforms) = preSolution
		Debug|Any CPU = Debug|Any CPU
		Release|Any CPU = Release|Any CPU
	EndGlobalSection
	GlobalSection(ProjectConfigurationPlatforms) = postSolution
		{C3CE6BD2-92A8-4CB5-8F00-3583FB7084F7}.Debug|Any CPU.ActiveCfg = Debug|Any CPU
		{C3CE6BD2-92A8-4CB5-8F00-3583FB7084F7}.Debug|Any CPU.Build.0 = Debug|Any CPU
		{C3CE6BD2-92A8-4CB5-8F00-3583FB7084F7}.Release|Any CPU.ActiveCfg = Release|Any CPU
		{C3CE6BD2-92A8-4CB5-8F00-3583FB7084F7}.Release|Any CPU.Build.0 = Release|Any CPU
	EndGlobalSection
	GlobalSection(SolutionProperties) = preSolution
		HideSolutionNode = FALSE
	EndGlobalSection
	GlobalSection(ExtensibilityGlobals) = postSolution
		SolutionGuid = {9548E760-0A19-4DB3-8B43-257120688177}
	EndGlobalSection
EndGlobal
