
Microsoft Visual Studio Solution File, Format Version 12.00
# Visual Studio Version 17
VisualStudioVersion = 17.7.34009.444
MinimumVisualStudioVersion = 10.0.40219.1
Project("{FAE04EC0-301F-11D3-BF4B-00C04F79EFBC}") = "MSTestPlaywrightElementInteractions", "MSTestPlaywrightElementInteractions.csproj", "{00C5FF3E-9677-41E9-A7FD-39F5ED2461AD}"
EndProject
Project("{FAE04EC0-301F-11D3-BF4B-00C04F79EFBC}") = "NUnitPlaywrightElementInteractions", "..\NUnitPlaywrightElementInteractions\NUnitPlaywrightElementInteractions.csproj", "{9EB1A000-FEA9-435E-B442-28506C392982}"
EndProject
Project("{FAE04EC0-301F-11D3-BF4B-00C04F79EFBC}") = "XUnitPlaywrightElementalInteractions", "..\XUnitPlaywrightElementalInteractions\XUnitPlaywrightElementalInteractions.csproj", "{21989019-3D66-4C19-8834-0EFD450E8547}"
EndProject
Global
	GlobalSection(SolutionConfigurationPlatforms) = preSolution
		Debug|Any CPU = Debug|Any CPU
		Release|Any CPU = Release|Any CPU
	EndGlobalSection
	GlobalSection(ProjectConfigurationPlatforms) = postSolution
		{00C5FF3E-9677-41E9-A7FD-39F5ED2461AD}.Debug|Any CPU.ActiveCfg = Debug|Any CPU
		{00C5FF3E-9677-41E9-A7FD-39F5ED2461AD}.Debug|Any CPU.Build.0 = Debug|Any CPU
		{00C5FF3E-9677-41E9-A7FD-39F5ED2461AD}.Release|Any CPU.ActiveCfg = Release|Any CPU
		{00C5FF3E-9677-41E9-A7FD-39F5ED2461AD}.Release|Any CPU.Build.0 = Release|Any CPU
		{9EB1A000-FEA9-435E-B442-28506C392982}.Debug|Any CPU.ActiveCfg = Debug|Any CPU
		{9EB1A000-FEA9-435E-B442-28506C392982}.Debug|Any CPU.Build.0 = Debug|Any CPU
		{9EB1A000-FEA9-435E-B442-28506C392982}.Release|Any CPU.ActiveCfg = Release|Any CPU
		{9EB1A000-FEA9-435E-B442-28506C392982}.Release|Any CPU.Build.0 = Release|Any CPU
		{21989019-3D66-4C19-8834-0EFD450E8547}.Debug|Any CPU.ActiveCfg = Debug|Any CPU
		{21989019-3D66-4C19-8834-0EFD450E8547}.Debug|Any CPU.Build.0 = Debug|Any CPU
		{21989019-3D66-4C19-8834-0EFD450E8547}.Release|Any CPU.ActiveCfg = Release|Any CPU
		{21989019-3D66-4C19-8834-0EFD450E8547}.Release|Any CPU.Build.0 = Release|Any CPU
	EndGlobalSection
	GlobalSection(SolutionProperties) = preSolution
		HideSolutionNode = FALSE
	EndGlobalSection
	GlobalSection(ExtensibilityGlobals) = postSolution
		SolutionGuid = {343231C6-A142-43C5-9EB7-C23361A40C56}
	EndGlobalSection
EndGlobal
