
Microsoft Visual Studio Solution File, Format Version 12.00
# Visual Studio Version 17
VisualStudioVersion = 17.7.34009.444
MinimumVisualStudioVersion = 10.0.40219.1
Project("{FAE04EC0-301F-11D3-BF4B-00C04F79EFBC}") = "GeometryCalculator", "GeometryCalculator.csproj", "{F87FE34F-A2EE-4B44-8872-D53C2EE974CF}"
EndProject
Project("{FAE04EC0-301F-11D3-BF4B-00C04F79EFBC}") = "GeometryCalculatorMSTests", "GeometryCalculatorMSTests\GeometryCalculatorMSTests.csproj", "{52DD1339-0AC1-4215-B133-3EB7506AC20F}"
EndProject
Global
	GlobalSection(SolutionConfigurationPlatforms) = preSolution
		Debug|Any CPU = Debug|Any CPU
		Release|Any CPU = Release|Any CPU
	EndGlobalSection
	GlobalSection(ProjectConfigurationPlatforms) = postSolution
		{F87FE34F-A2EE-4B44-8872-D53C2EE974CF}.Debug|Any CPU.ActiveCfg = Debug|Any CPU
		{F87FE34F-A2EE-4B44-8872-D53C2EE974CF}.Debug|Any CPU.Build.0 = Debug|Any CPU
		{F87FE34F-A2EE-4B44-8872-D53C2EE974CF}.Release|Any CPU.ActiveCfg = Release|Any CPU
		{F87FE34F-A2EE-4B44-8872-D53C2EE974CF}.Release|Any CPU.Build.0 = Release|Any CPU
		{52DD1339-0AC1-4215-B133-3EB7506AC20F}.Debug|Any CPU.ActiveCfg = Debug|Any CPU
		{52DD1339-0AC1-4215-B133-3EB7506AC20F}.Debug|Any CPU.Build.0 = Debug|Any CPU
		{52DD1339-0AC1-4215-B133-3EB7506AC20F}.Release|Any CPU.ActiveCfg = Release|Any CPU
		{52DD1339-0AC1-4215-B133-3EB7506AC20F}.Release|Any CPU.Build.0 = Release|Any CPU
	EndGlobalSection
	GlobalSection(SolutionProperties) = preSolution
		HideSolutionNode = FALSE
	EndGlobalSection
	GlobalSection(ExtensibilityGlobals) = postSolution
		SolutionGuid = {002A2108-AAA4-4ED8-B542-EE07B476E336}
	EndGlobalSection
EndGlobal
