
Microsoft Visual Studio Solution File, Format Version 12.00
# Visual Studio Version 17
VisualStudioVersion = 17.6.33723.286
MinimumVisualStudioVersion = 10.0.40219.1
Project("{FAE04EC0-301F-11D3-BF4B-00C04F79EFBC}") = "rectangleExampleReturnObject", "rectangleExampleReturnObject.csproj", "{971A8A68-8358-4657-84A2-A7E61CF19FF6}"
EndProject
Global
	GlobalSection(SolutionConfigurationPlatforms) = preSolution
		Debug|Any CPU = Debug|Any CPU
		Release|Any CPU = Release|Any CPU
	EndGlobalSection
	GlobalSection(ProjectConfigurationPlatforms) = postSolution
		{971A8A68-8358-4657-84A2-A7E61CF19FF6}.Debug|Any CPU.ActiveCfg = Debug|Any CPU
		{971A8A68-8358-4657-84A2-A7E61CF19FF6}.Debug|Any CPU.Build.0 = Debug|Any CPU
		{971A8A68-8358-4657-84A2-A7E61CF19FF6}.Release|Any CPU.ActiveCfg = Release|Any CPU
		{971A8A68-8358-4657-84A2-A7E61CF19FF6}.Release|Any CPU.Build.0 = Release|Any CPU
	EndGlobalSection
	GlobalSection(SolutionProperties) = preSolution
		HideSolutionNode = FALSE
	EndGlobalSection
	GlobalSection(ExtensibilityGlobals) = postSolution
		SolutionGuid = {BA2DFEB9-9A11-4736-B089-21CBD8B692AF}
	EndGlobalSection
EndGlobal
