
Microsoft Visual Studio Solution File, Format Version 12.00
# Visual Studio Version 17
VisualStudioVersion = 17.6.33723.286
MinimumVisualStudioVersion = 10.0.40219.1
Project("{FAE04EC0-301F-11D3-BF4B-00C04F79EFBC}") = "AbstractionShapeDemoRectanglePentagon", "AbstractionShapeDemoRectanglePentagon.csproj", "{5410E35F-63EB-42FA-9EBD-7F9A634F4066}"
EndProject
Global
	GlobalSection(SolutionConfigurationPlatforms) = preSolution
		Debug|Any CPU = Debug|Any CPU
		Release|Any CPU = Release|Any CPU
	EndGlobalSection
	GlobalSection(ProjectConfigurationPlatforms) = postSolution
		{5410E35F-63EB-42FA-9EBD-7F9A634F4066}.Debug|Any CPU.ActiveCfg = Debug|Any CPU
		{5410E35F-63EB-42FA-9EBD-7F9A634F4066}.Debug|Any CPU.Build.0 = Debug|Any CPU
		{5410E35F-63EB-42FA-9EBD-7F9A634F4066}.Release|Any CPU.ActiveCfg = Release|Any CPU
		{5410E35F-63EB-42FA-9EBD-7F9A634F4066}.Release|Any CPU.Build.0 = Release|Any CPU
	EndGlobalSection
	GlobalSection(SolutionProperties) = preSolution
		HideSolutionNode = FALSE
	EndGlobalSection
	GlobalSection(ExtensibilityGlobals) = postSolution
		SolutionGuid = {ADE53C4A-8878-4ADE-801F-E21ABDE61214}
	EndGlobalSection
EndGlobal
