
Microsoft Visual Studio Solution File, Format Version 12.00
# Visual Studio Version 17
VisualStudioVersion = 17.6.33723.286
MinimumVisualStudioVersion = 10.0.40219.1
Project("{FAE04EC0-301F-11D3-BF4B-00C04F79EFBC}") = "AbstractionShapeDemo", "AbstractionShapeDemo.csproj", "{7317C88E-B4C7-4D9F-AA11-8DBA1464C39D}"
EndProject
Global
	GlobalSection(SolutionConfigurationPlatforms) = preSolution
		Debug|Any CPU = Debug|Any CPU
		Release|Any CPU = Release|Any CPU
	EndGlobalSection
	GlobalSection(ProjectConfigurationPlatforms) = postSolution
		{7317C88E-B4C7-4D9F-AA11-8DBA1464C39D}.Debug|Any CPU.ActiveCfg = Debug|Any CPU
		{7317C88E-B4C7-4D9F-AA11-8DBA1464C39D}.Debug|Any CPU.Build.0 = Debug|Any CPU
		{7317C88E-B4C7-4D9F-AA11-8DBA1464C39D}.Release|Any CPU.ActiveCfg = Release|Any CPU
		{7317C88E-B4C7-4D9F-AA11-8DBA1464C39D}.Release|Any CPU.Build.0 = Release|Any CPU
	EndGlobalSection
	GlobalSection(SolutionProperties) = preSolution
		HideSolutionNode = FALSE
	EndGlobalSection
	GlobalSection(ExtensibilityGlobals) = postSolution
		SolutionGuid = {21903EB3-978D-45D9-8BB7-A2ACAAF51604}
	EndGlobalSection
EndGlobal
