
Microsoft Visual Studio Solution File, Format Version 12.00
# Visual Studio Version 17
VisualStudioVersion = 17.6.33723.286
MinimumVisualStudioVersion = 10.0.40219.1
Project("{FAE04EC0-301F-11D3-BF4B-00C04F79EFBC}") = "StringCounterDemo", "StringCounterDemo.csproj", "{63B685E2-0A50-4B83-9E6D-FA336362D97C}"
EndProject
Global
	GlobalSection(SolutionConfigurationPlatforms) = preSolution
		Debug|Any CPU = Debug|Any CPU
		Release|Any CPU = Release|Any CPU
	EndGlobalSection
	GlobalSection(ProjectConfigurationPlatforms) = postSolution
		{63B685E2-0A50-4B83-9E6D-FA336362D97C}.Debug|Any CPU.ActiveCfg = Debug|Any CPU
		{63B685E2-0A50-4B83-9E6D-FA336362D97C}.Debug|Any CPU.Build.0 = Debug|Any CPU
		{63B685E2-0A50-4B83-9E6D-FA336362D97C}.Release|Any CPU.ActiveCfg = Release|Any CPU
		{63B685E2-0A50-4B83-9E6D-FA336362D97C}.Release|Any CPU.Build.0 = Release|Any CPU
	EndGlobalSection
	GlobalSection(SolutionProperties) = preSolution
		HideSolutionNode = FALSE
	EndGlobalSection
	GlobalSection(ExtensibilityGlobals) = postSolution
		SolutionGuid = {87E5199F-4F8A-482C-AAE0-7C41C97A8464}
	EndGlobalSection
EndGlobal
