
Microsoft Visual Studio Solution File, Format Version 12.00
# Visual Studio Version 17
VisualStudioVersion = 17.7.34009.444
MinimumVisualStudioVersion = 10.0.40219.1
Project("{9A19103F-16F7-4668-BE54-9A1E7A4F7556}") = "OrangeHRMTest", "OrangeHRMTest.csproj", "{AD020339-054C-41C6-9E8E-B949574AF414}"
EndProject
Project("{2150E333-8FDC-42A3-9474-1A3956D46DE8}") = "Solution Items", "Solution Items", "{542E09F5-BB5B-48F7-BAA8-ABFD5796FFF5}"
EndProject
Global
	GlobalSection(SolutionConfigurationPlatforms) = preSolution
		Debug|Any CPU = Debug|Any CPU
		Release|Any CPU = Release|Any CPU
	EndGlobalSection
	GlobalSection(ProjectConfigurationPlatforms) = postSolution
		{AD020339-054C-41C6-9E8E-B949574AF414}.Debug|Any CPU.ActiveCfg = Debug|Any CPU
		{AD020339-054C-41C6-9E8E-B949574AF414}.Debug|Any CPU.Build.0 = Debug|Any CPU
		{AD020339-054C-41C6-9E8E-B949574AF414}.Release|Any CPU.ActiveCfg = Release|Any CPU
		{AD020339-054C-41C6-9E8E-B949574AF414}.Release|Any CPU.Build.0 = Release|Any CPU
	EndGlobalSection
	GlobalSection(SolutionProperties) = preSolution
		HideSolutionNode = FALSE
	EndGlobalSection
	GlobalSection(ExtensibilityGlobals) = postSolution
		SolutionGuid = {218FC8DF-FBDB-45D5-A6A2-6FE7711B84DE}
	EndGlobalSection
EndGlobal
