
Microsoft Visual Studio Solution File, Format Version 12.00
# Visual Studio Version 17
VisualStudioVersion = 17.6.33723.286
MinimumVisualStudioVersion = 10.0.40219.1
Project("{FAE04EC0-301F-11D3-BF4B-00C04F79EFBC}") = "staticvariableScopeExample", "staticvariableScopeExample.csproj", "{8FB77384-316E-4189-ADC6-41C59D8D7FF8}"
EndProject
Global
	GlobalSection(SolutionConfigurationPlatforms) = preSolution
		Debug|Any CPU = Debug|Any CPU
		Release|Any CPU = Release|Any CPU
	EndGlobalSection
	GlobalSection(ProjectConfigurationPlatforms) = postSolution
		{8FB77384-316E-4189-ADC6-41C59D8D7FF8}.Debug|Any CPU.ActiveCfg = Debug|Any CPU
		{8FB77384-316E-4189-ADC6-41C59D8D7FF8}.Debug|Any CPU.Build.0 = Debug|Any CPU
		{8FB77384-316E-4189-ADC6-41C59D8D7FF8}.Release|Any CPU.ActiveCfg = Release|Any CPU
		{8FB77384-316E-4189-ADC6-41C59D8D7FF8}.Release|Any CPU.Build.0 = Release|Any CPU
	EndGlobalSection
	GlobalSection(SolutionProperties) = preSolution
		HideSolutionNode = FALSE
	EndGlobalSection
	GlobalSection(ExtensibilityGlobals) = postSolution
		SolutionGuid = {1BB7BB52-EDDF-413A-B938-9A3287A79B8B}
	EndGlobalSection
EndGlobal
