
Microsoft Visual Studio Solution File, Format Version 12.00
# Visual Studio Version 17
VisualStudioVersion = 17.6.33723.286
MinimumVisualStudioVersion = 10.0.40219.1
Project("{FAE04EC0-301F-11D3-BF4B-00C04F79EFBC}") = "rectangleExample", "rectangleExample.csproj", "{22EE5ECF-722F-406E-816B-17099A96AEFB}"
EndProject
Global
	GlobalSection(SolutionConfigurationPlatforms) = preSolution
		Debug|Any CPU = Debug|Any CPU
		Release|Any CPU = Release|Any CPU
	EndGlobalSection
	GlobalSection(ProjectConfigurationPlatforms) = postSolution
		{22EE5ECF-722F-406E-816B-17099A96AEFB}.Debug|Any CPU.ActiveCfg = Debug|Any CPU
		{22EE5ECF-722F-406E-816B-17099A96AEFB}.Debug|Any CPU.Build.0 = Debug|Any CPU
		{22EE5ECF-722F-406E-816B-17099A96AEFB}.Release|Any CPU.ActiveCfg = Release|Any CPU
		{22EE5ECF-722F-406E-816B-17099A96AEFB}.Release|Any CPU.Build.0 = Release|Any CPU
	EndGlobalSection
	GlobalSection(SolutionProperties) = preSolution
		HideSolutionNode = FALSE
	EndGlobalSection
	GlobalSection(ExtensibilityGlobals) = postSolution
		SolutionGuid = {CF2102DF-7E8D-4D65-BAD8-AE026CB9965A}
	EndGlobalSection
EndGlobal
