
Microsoft Visual Studio Solution File, Format Version 12.00
# Visual Studio Version 17
VisualStudioVersion = 17.6.33723.286
MinimumVisualStudioVersion = 10.0.40219.1
Project("{FAE04EC0-301F-11D3-BF4B-00C04F79EFBC}") = "FileIOReadAndWriteDemoV4", "FileIOReadAndWriteDemoV4.csproj", "{87F90E81-2695-48B2-B5B5-A5E784BB10A2}"
EndProject
Global
	GlobalSection(SolutionConfigurationPlatforms) = preSolution
		Debug|Any CPU = Debug|Any CPU
		Release|Any CPU = Release|Any CPU
	EndGlobalSection
	GlobalSection(ProjectConfigurationPlatforms) = postSolution
		{87F90E81-2695-48B2-B5B5-A5E784BB10A2}.Debug|Any CPU.ActiveCfg = Debug|Any CPU
		{87F90E81-2695-48B2-B5B5-A5E784BB10A2}.Debug|Any CPU.Build.0 = Debug|Any CPU
		{87F90E81-2695-48B2-B5B5-A5E784BB10A2}.Release|Any CPU.ActiveCfg = Release|Any CPU
		{87F90E81-2695-48B2-B5B5-A5E784BB10A2}.Release|Any CPU.Build.0 = Release|Any CPU
	EndGlobalSection
	GlobalSection(SolutionProperties) = preSolution
		HideSolutionNode = FALSE
	EndGlobalSection
	GlobalSection(ExtensibilityGlobals) = postSolution
		SolutionGuid = {54536159-ECB2-4916-9C6F-BBF746AFFA38}
	EndGlobalSection
EndGlobal
