
Microsoft Visual Studio Solution File, Format Version 12.00
# Visual Studio Version 17
VisualStudioVersion = 17.7.34009.444
MinimumVisualStudioVersion = 10.0.40219.1
Project("{FAE04EC0-301F-11D3-BF4B-00C04F79EFBC}") = "GeometryCalculatorApp", "GeometryCalculatorApp.csproj", "{2937DECB-51FC-4426-98DB-0A84A0202082}"
EndProject
Project("{FAE04EC0-301F-11D3-BF4B-00C04F79EFBC}") = "GeometryCalculatorLibrary", "..\GeometryCalculatorLibrary\GeometryCalculatorLibrary.csproj", "{65EF224D-EE2B-4550-AD66-4C9C9B0C018C}"
EndProject
Project("{FAE04EC0-301F-11D3-BF4B-00C04F79EFBC}") = "GeometryCalculatorTestsMSTest", "..\GeometryCalculatorTestsMSTest\GeometryCalculatorTestsMSTest.csproj", "{690DB6F0-3E06-466F-80D4-B8139E524D92}"
EndProject
Project("{FAE04EC0-301F-11D3-BF4B-00C04F79EFBC}") = "GeometryCalculatorTestsNUnit", "..\GeometryCalculatorTestsNUnit\GeometryCalculatorTestsNUnit.csproj", "{AFFBA4DD-3218-4FE1-9A9D-D09B268CA691}"
EndProject
Project("{FAE04EC0-301F-11D3-BF4B-00C04F79EFBC}") = "GeometryCalculatorTestsXUnit", "..\GeometryCalculatorTestsXUnit\GeometryCalculatorTestsXUnit.csproj", "{19798007-E455-4A9C-B83A-8AB0B0C6C335}"
EndProject
Global
	GlobalSection(SolutionConfigurationPlatforms) = preSolution
		Debug|Any CPU = Debug|Any CPU
		Release|Any CPU = Release|Any CPU
	EndGlobalSection
	GlobalSection(ProjectConfigurationPlatforms) = postSolution
		{2937DECB-51FC-4426-98DB-0A84A0202082}.Debug|Any CPU.ActiveCfg = Debug|Any CPU
		{2937DECB-51FC-4426-98DB-0A84A0202082}.Debug|Any CPU.Build.0 = Debug|Any CPU
		{2937DECB-51FC-4426-98DB-0A84A0202082}.Release|Any CPU.ActiveCfg = Release|Any CPU
		{2937DECB-51FC-4426-98DB-0A84A0202082}.Release|Any CPU.Build.0 = Release|Any CPU
		{65EF224D-EE2B-4550-AD66-4C9C9B0C018C}.Debug|Any CPU.ActiveCfg = Debug|Any CPU
		{65EF224D-EE2B-4550-AD66-4C9C9B0C018C}.Debug|Any CPU.Build.0 = Debug|Any CPU
		{65EF224D-EE2B-4550-AD66-4C9C9B0C018C}.Release|Any CPU.ActiveCfg = Release|Any CPU
		{65EF224D-EE2B-4550-AD66-4C9C9B0C018C}.Release|Any CPU.Build.0 = Release|Any CPU
		{690DB6F0-3E06-466F-80D4-B8139E524D92}.Debug|Any CPU.ActiveCfg = Debug|Any CPU
		{690DB6F0-3E06-466F-80D4-B8139E524D92}.Debug|Any CPU.Build.0 = Debug|Any CPU
		{690DB6F0-3E06-466F-80D4-B8139E524D92}.Release|Any CPU.ActiveCfg = Release|Any CPU
		{690DB6F0-3E06-466F-80D4-B8139E524D92}.Release|Any CPU.Build.0 = Release|Any CPU
		{AFFBA4DD-3218-4FE1-9A9D-D09B268CA691}.Debug|Any CPU.ActiveCfg = Debug|Any CPU
		{AFFBA4DD-3218-4FE1-9A9D-D09B268CA691}.Debug|Any CPU.Build.0 = Debug|Any CPU
		{AFFBA4DD-3218-4FE1-9A9D-D09B268CA691}.Release|Any CPU.ActiveCfg = Release|Any CPU
		{AFFBA4DD-3218-4FE1-9A9D-D09B268CA691}.Release|Any CPU.Build.0 = Release|Any CPU
		{19798007-E455-4A9C-B83A-8AB0B0C6C335}.Debug|Any CPU.ActiveCfg = Debug|Any CPU
		{19798007-E455-4A9C-B83A-8AB0B0C6C335}.Debug|Any CPU.Build.0 = Debug|Any CPU
		{19798007-E455-4A9C-B83A-8AB0B0C6C335}.Release|Any CPU.ActiveCfg = Release|Any CPU
		{19798007-E455-4A9C-B83A-8AB0B0C6C335}.Release|Any CPU.Build.0 = Release|Any CPU
	EndGlobalSection
	GlobalSection(SolutionProperties) = preSolution
		HideSolutionNode = FALSE
	EndGlobalSection
	GlobalSection(ExtensibilityGlobals) = postSolution
		SolutionGuid = {B1E47801-F88C-4672-A929-E2B5928BCDBD}
	EndGlobalSection
EndGlobal
