
Microsoft Visual Studio Solution File, Format Version 12.00
# Visual Studio Version 17
VisualStudioVersion = 17.6.33723.286
MinimumVisualStudioVersion = 10.0.40219.1
Project("{FAE04EC0-301F-11D3-BF4B-00C04F79EFBC}") = "ExceptionArithmeticCalculator", "ExceptionArithmeticCalculator.csproj", "{AAA6B24A-CFA3-4C84-823D-72CA54D5CF19}"
EndProject
Global
	GlobalSection(SolutionConfigurationPlatforms) = preSolution
		Debug|Any CPU = Debug|Any CPU
		Release|Any CPU = Release|Any CPU
	EndGlobalSection
	GlobalSection(ProjectConfigurationPlatforms) = postSolution
		{AAA6B24A-CFA3-4C84-823D-72CA54D5CF19}.Debug|Any CPU.ActiveCfg = Debug|Any CPU
		{AAA6B24A-CFA3-4C84-823D-72CA54D5CF19}.Debug|Any CPU.Build.0 = Debug|Any CPU
		{AAA6B24A-CFA3-4C84-823D-72CA54D5CF19}.Release|Any CPU.ActiveCfg = Release|Any CPU
		{AAA6B24A-CFA3-4C84-823D-72CA54D5CF19}.Release|Any CPU.Build.0 = Release|Any CPU
	EndGlobalSection
	GlobalSection(SolutionProperties) = preSolution
		HideSolutionNode = FALSE
	EndGlobalSection
	GlobalSection(ExtensibilityGlobals) = postSolution
		SolutionGuid = {52C5F82A-AE04-47BE-8DEF-DD24ADD79E7D}
	EndGlobalSection
EndGlobal
