
Microsoft Visual Studio Solution File, Format Version 12.00
# Visual Studio Version 17
VisualStudioVersion = 17.6.33723.286
MinimumVisualStudioVersion = 10.0.40219.1
Project("{FAE04EC0-301F-11D3-BF4B-00C04F79EFBC}") = "ExceptionHandlingDemoPhase3", "ExceptionHandlingDemoPhase3.csproj", "{848AEBF0-9DF2-4E7D-99F2-BF19FE79DEC5}"
EndProject
Global
	GlobalSection(SolutionConfigurationPlatforms) = preSolution
		Debug|Any CPU = Debug|Any CPU
		Release|Any CPU = Release|Any CPU
	EndGlobalSection
	GlobalSection(ProjectConfigurationPlatforms) = postSolution
		{848AEBF0-9DF2-4E7D-99F2-BF19FE79DEC5}.Debug|Any CPU.ActiveCfg = Debug|Any CPU
		{848AEBF0-9DF2-4E7D-99F2-BF19FE79DEC5}.Debug|Any CPU.Build.0 = Debug|Any CPU
		{848AEBF0-9DF2-4E7D-99F2-BF19FE79DEC5}.Release|Any CPU.ActiveCfg = Release|Any CPU
		{848AEBF0-9DF2-4E7D-99F2-BF19FE79DEC5}.Release|Any CPU.Build.0 = Release|Any CPU
	EndGlobalSection
	GlobalSection(SolutionProperties) = preSolution
		HideSolutionNode = FALSE
	EndGlobalSection
	GlobalSection(ExtensibilityGlobals) = postSolution
		SolutionGuid = {33F70A2A-AF83-4693-9977-6BCB0F3C486E}
	EndGlobalSection
EndGlobal
