
Microsoft Visual Studio Solution File, Format Version 12.00
# Visual Studio Version 17
VisualStudioVersion = 17.6.33723.286
MinimumVisualStudioVersion = 10.0.40219.1
Project("{FAE04EC0-301F-11D3-BF4B-00C04F79EFBC}") = "salesCalculatorDoWhileProgram", "salesCalculatorDoWhileProgram.csproj", "{9CDFB1B9-06CF-4690-A556-44AA316AFFD5}"
EndProject
Global
	GlobalSection(SolutionConfigurationPlatforms) = preSolution
		Debug|Any CPU = Debug|Any CPU
		Release|Any CPU = Release|Any CPU
	EndGlobalSection
	GlobalSection(ProjectConfigurationPlatforms) = postSolution
		{9CDFB1B9-06CF-4690-A556-44AA316AFFD5}.Debug|Any CPU.ActiveCfg = Debug|Any CPU
		{9CDFB1B9-06CF-4690-A556-44AA316AFFD5}.Debug|Any CPU.Build.0 = Debug|Any CPU
		{9CDFB1B9-06CF-4690-A556-44AA316AFFD5}.Release|Any CPU.ActiveCfg = Release|Any CPU
		{9CDFB1B9-06CF-4690-A556-44AA316AFFD5}.Release|Any CPU.Build.0 = Release|Any CPU
	EndGlobalSection
	GlobalSection(SolutionProperties) = preSolution
		HideSolutionNode = FALSE
	EndGlobalSection
	GlobalSection(ExtensibilityGlobals) = postSolution
		SolutionGuid = {5C5E198A-088C-4DBA-83D6-5A4D05BC34D4}
	EndGlobalSection
EndGlobal
