
Microsoft Visual Studio Solution File, Format Version 12.00
# Visual Studio Version 17
VisualStudioVersion = 17.6.33723.286
MinimumVisualStudioVersion = 10.0.40219.1
Project("{FAE04EC0-301F-11D3-BF4B-00C04F79EFBC}") = "catWithProperties", "catWithProperties.csproj", "{914CE411-6BB0-4461-ADEA-5773E62DFCBC}"
EndProject
Global
	GlobalSection(SolutionConfigurationPlatforms) = preSolution
		Debug|Any CPU = Debug|Any CPU
		Release|Any CPU = Release|Any CPU
	EndGlobalSection
	GlobalSection(ProjectConfigurationPlatforms) = postSolution
		{914CE411-6BB0-4461-ADEA-5773E62DFCBC}.Debug|Any CPU.ActiveCfg = Debug|Any CPU
		{914CE411-6BB0-4461-ADEA-5773E62DFCBC}.Debug|Any CPU.Build.0 = Debug|Any CPU
		{914CE411-6BB0-4461-ADEA-5773E62DFCBC}.Release|Any CPU.ActiveCfg = Release|Any CPU
		{914CE411-6BB0-4461-ADEA-5773E62DFCBC}.Release|Any CPU.Build.0 = Release|Any CPU
	EndGlobalSection
	GlobalSection(SolutionProperties) = preSolution
		HideSolutionNode = FALSE
	EndGlobalSection
	GlobalSection(ExtensibilityGlobals) = postSolution
		SolutionGuid = {6B2F6527-B68A-4C4B-BEE1-FFE2B6CC4C16}
	EndGlobalSection
EndGlobal
