
Microsoft Visual Studio Solution File, Format Version 12.00
# Visual Studio Version 17
VisualStudioVersion = 17.6.33723.286
MinimumVisualStudioVersion = 10.0.40219.1
Project("{FAE04EC0-301F-11D3-BF4B-00C04F79EFBC}") = "ExampleFileIOReadWriteDemo", "ExampleFileIOReadWriteDemo.csproj", "{C033E911-A31D-43D9-84A9-7D535CC89261}"
EndProject
Global
	GlobalSection(SolutionConfigurationPlatforms) = preSolution
		Debug|Any CPU = Debug|Any CPU
		Release|Any CPU = Release|Any CPU
	EndGlobalSection
	GlobalSection(ProjectConfigurationPlatforms) = postSolution
		{C033E911-A31D-43D9-84A9-7D535CC89261}.Debug|Any CPU.ActiveCfg = Debug|Any CPU
		{C033E911-A31D-43D9-84A9-7D535CC89261}.Debug|Any CPU.Build.0 = Debug|Any CPU
		{C033E911-A31D-43D9-84A9-7D535CC89261}.Release|Any CPU.ActiveCfg = Release|Any CPU
		{C033E911-A31D-43D9-84A9-7D535CC89261}.Release|Any CPU.Build.0 = Release|Any CPU
	EndGlobalSection
	GlobalSection(SolutionProperties) = preSolution
		HideSolutionNode = FALSE
	EndGlobalSection
	GlobalSection(ExtensibilityGlobals) = postSolution
		SolutionGuid = {646A28F6-F5D4-4875-A4BE-67550E4578CF}
	EndGlobalSection
EndGlobal
